PODS:
  - CalendarKit (0.1.4):
    - DynamicColor
    - Neon
    - SwiftDate
  - DynamicColor (3.2.1)
  - Neon (0.4.0)
  - SwiftDate (4.0.12)

DEPENDENCIES:
  - CalendarKit (from `../`)

EXTERNAL SOURCES:
  CalendarKit:
    :path: "../"

SPEC CHECKSUMS:
  CalendarKit: 39df17df171bfb9759fbc95cba8e8a5585cfe78e
  DynamicColor: 4786d650c69da6c3f2cbfe068348288ec4e5521f
  Neon: 7fb5a9327e7e57911843f608e08f4893a74deaf9
  SwiftDate: 9a50045abc7b3515ede0fbed94705907279177b5

PODFILE CHECKSUM: b76013ff0b66b8e61c214e583d26b4c3d93a550b

COCOAPODS: 1.2.0
